{
  "version": 1,
  "dependencies": {
    "net10.0": {
      "CommunityToolkit.Mvvm": {
        "type": "Direct",
        "requested": "[8.4.2, )",
        "resolved": "8.4.2",
        "contentHash": "WadCzGEc2U+3e20avRLng4qNtt4zoOGWrdUISqJWrHe3/FSnrYjuM5Sb4yQb09LhkBXrrI4Zt3dLKgRMbItsrg=="
      },
      "Microsoft.NET.ILLink.Tasks": {
        "type": "Direct",
        "requested": "[10.0.12, )",
        "resolved": "10.0.12",
        "contentHash": "xi+BDjFpW+Sb+MHFHaH6Y/gV9I8BluFwRXc1QyCdoZbIK26eNiBeFuMTe/FMwc33G1wdHCyDg7CVTmb8OdQrMQ=="
      },
      "archiver.core": {
        "type": "Project"
      }
    },
    "net10.0/win-arm64": {},
    "net10.0/win-x64": {}
  }
}